
Microsoft Visual Studio Solution File, Format Version 12.00
# Visual Studio Version 17
VisualStudioVersion = 17.1.32210.238
MinimumVisualStudioVersion = 10.0.40219.1
Project("{FAE04EC0-301F-11D3-BF4B-00C04F79EFBC}") = "StateCensusAnalyser", "StateCensusAnalyser\StateCensusAnalyser.csproj", "{8D56C59E-F8C2-4BE7-BDF6-9D30B7C9F1ED}"
EndProject
Project("{FAE04EC0-301F-11D3-BF4B-00C04F79EFBC}") = "CensusAnalyserTest", "CensusAnalyserTest\CensusAnalyserTest.csproj", "{E1028D22-8A0F-43CD-8EA7-EEF73FD003D0}"
EndProject
Global
	GlobalSection(SolutionConfigurationPlatforms) = preSolution
		Debug|Any CPU = Debug|Any CPU
		Release|Any CPU = Release|Any CPU
	EndGlobalSection
	GlobalSection(ProjectConfigurationPlatforms) = postSolution
		{8D56C59E-F8C2-4BE7-BDF6-9D30B7C9F1ED}.Debug|Any CPU.ActiveCfg = Debug|Any CPU
		{8D56C59E-F8C2-4BE7-BDF6-9D30B7C9F1ED}.Debug|Any CPU.Build.0 = Debug|Any CPU
		{8D56C59E-F8C2-4BE7-BDF6-9D30B7C9F1ED}.Release|Any CPU.ActiveCfg = Release|Any CPU
		{8D56C59E-F8C2-4BE7-BDF6-9D30B7C9F1ED}.Release|Any CPU.Build.0 = Release|Any CPU
		{E1028D22-8A0F-43CD-8EA7-EEF73FD003D0}.Debug|Any CPU.ActiveCfg = Debug|Any CPU
		{E1028D22-8A0F-43CD-8EA7-EEF73FD003D0}.Debug|Any CPU.Build.0 = Debug|Any CPU
		{E1028D22-8A0F-43CD-8EA7-EEF73FD003D0}.Release|Any CPU.ActiveCfg = Release|Any CPU
		{E1028D22-8A0F-43CD-8EA7-EEF73FD003D0}.Release|Any CPU.Build.0 = Release|Any CPU
	EndGlobalSection
	GlobalSection(SolutionProperties) = preSolution
		HideSolutionNode = FALSE
	EndGlobalSection
	GlobalSection(ExtensibilityGlobals) = postSolution
		SolutionGuid = {74CB33A1-EF4F-4A52-B291-0935A221FC2C}
	EndGlobalSection
EndGlobal
